
Microsoft Visual Studio Solution File, Format Version 12.00
# Visual Studio Version 17
VisualStudioVersion = 17.4.33927.135
MinimumVisualStudioVersion = 10.0.40219.1
Project("{FAE04EC0-301F-11D3-BF4B-00C04F79EFBC}") = "Econtact", "Econtact\Econtact.csproj", "{72AAF5DB-0927-4376-958F-4721DF16615D}"
EndProject
Project("{FAE04EC0-301F-11D3-BF4B-00C04F79EFBC}") = "TestProject", "UnitTestProject1\TestProject.csproj", "{9720C44C-E6E1-4AAA-AF1B-D57E78ACCAAB}"
EndProject
Project("{FAE04EC0-301F-11D3-BF4B-00C04F79EFBC}") = "UIAutomation", "UIAutomation\UIAutomation.csproj", "{0D136BE3-1662-4307-A474-4A76B8749A80}"
EndProject
Global
	GlobalSection(SolutionConfigurationPlatforms) = preSolution
		Debug|Any CPU = Debug|Any CPU
		Release|Any CPU = Release|Any CPU
	EndGlobalSection
	GlobalSection(ProjectConfigurationPlatforms) = postSolution
		{72AAF5DB-0927-4376-958F-4721DF16615D}.Debug|Any CPU.ActiveCfg = Debug|Any CPU
		{72AAF5DB-0927-4376-958F-4721DF16615D}.Debug|Any CPU.Build.0 = Debug|Any CPU
		{72AAF5DB-0927-4376-958F-4721DF16615D}.Release|Any CPU.ActiveCfg = Release|Any CPU
		{72AAF5DB-0927-4376-958F-4721DF16615D}.Release|Any CPU.Build.0 = Release|Any CPU
		{9720C44C-E6E1-4AAA-AF1B-D57E78ACCAAB}.Debug|Any CPU.ActiveCfg = Debug|Any CPU
		{9720C44C-E6E1-4AAA-AF1B-D57E78ACCAAB}.Debug|Any CPU.Build.0 = Debug|Any CPU
		{9720C44C-E6E1-4AAA-AF1B-D57E78ACCAAB}.Release|Any CPU.ActiveCfg = Release|Any CPU
		{9720C44C-E6E1-4AAA-AF1B-D57E78ACCAAB}.Release|Any CPU.Build.0 = Release|Any CPU
		{0D136BE3-1662-4307-A474-4A76B8749A80}.Debug|Any CPU.ActiveCfg = Debug|Any CPU
		{0D136BE3-1662-4307-A474-4A76B8749A80}.Debug|Any CPU.Build.0 = Debug|Any CPU
		{0D136BE3-1662-4307-A474-4A76B8749A80}.Release|Any CPU.ActiveCfg = Release|Any CPU
		{0D136BE3-1662-4307-A474-4A76B8749A80}.Release|Any CPU.Build.0 = Release|Any CPU
	EndGlobalSection
	GlobalSection(SolutionProperties) = preSolution
		HideSolutionNode = FALSE
	EndGlobalSection
	GlobalSection(ExtensibilityGlobals) = postSolution
		SolutionGuid = {61DE1739-9FA1-4757-B335-06A35ECB6254}
	EndGlobalSection
EndGlobal
